// !$*UTF8*$!
{
	archiveVersion = 1;
	classes = {
	};
	objectVersion = 46;
	objects = {

/* Begin PBXBuildFile section */
		0207DA581B56EA530066E2B4 /* Images.xcassets in Resources */ = {isa = PBXBuildFile; fileRef = 0207DA571B56EA530066E2B4 /* Images.xcassets */; };
		1D3623260D0F684500981E51 /* AppDelegate.m in Sources */ = {isa = PBXBuildFile; fileRef = 1D3623250D0F684500981E51 /* AppDelegate.m */; };
		1D60589B0D05DD56006BFB54 /* main.m in Sources */ = {isa = PBXBuildFile; fileRef = 29B97316FDCFA39411CA2CEA /* main.m */; };
		301BF552109A68D80062928A /* libCordova.a in Frameworks */ = {isa = PBXBuildFile; fileRef = 301BF535109A57CC0062928A /* libCordova.a */; };
		302D95F114D2391D003F00A1 /* MainViewController.m in Sources */ = {isa = PBXBuildFile; fileRef = 302D95EF14D2391D003F00A1 /* MainViewController.m */; };
		302D95F214D2391D003F00A1 /* MainViewController.xib in Resources */ = {isa = PBXBuildFile; fileRef = 302D95F014D2391D003F00A1 /* MainViewController.xib */; };
		4352036C41E44497813642ED /* QuartzCore.framework in Frameworks */ = {isa = PBXBuildFile; fileRef = 27656C13EBB849B0AE5CE962 /* QuartzCore.framework */; };
		458F374D712E40198DB70701 /* libstdc++.6.0.9.tbd in Frameworks */ = {isa = PBXBuildFile; fileRef = 4D93DE6AAAB042A6B862C5A7 /* libstdc++.6.0.9.tbd */; };
		4B490B19219BB88200039015 /* MBProgressHUD.m in Sources */ = {isa = PBXBuildFile; fileRef = 4B490B17219BB88200039015 /* MBProgressHUD.m */; };
		4B490B1F219BC65800039015 /* KyeeBaiduMap.m in Sources */ = {isa = PBXBuildFile; fileRef = 4B490B1E219BC65800039015 /* KyeeBaiduMap.m */; };
		4B490B21219BC88E00039015 /* BaiduMapAPI_Base.framework in Frameworks */ = {isa = PBXBuildFile; fileRef = 4B490B20219BC88E00039015 /* BaiduMapAPI_Base.framework */; };
		4B490B23219BC89900039015 /* BMKLocationkit.framework in Frameworks */ = {isa = PBXBuildFile; fileRef = 4B490B22219BC89900039015 /* BMKLocationkit.framework */; };
		4B490B28219BCDFC00039015 /* libssl.a in Frameworks */ = {isa = PBXBuildFile; fileRef = 4B490B25219BCDFA00039015 /* libssl.a */; };
		4B490B29219BCDFC00039015 /* libcrypto.a in Frameworks */ = {isa = PBXBuildFile; fileRef = 4B490B27219BCDFB00039015 /* libcrypto.a */; };
		4B490B2A219BCED200039015 /* CoreLocation.framework in Frameworks */ = {isa = PBXBuildFile; fileRef = 633FAC5CC7724B118C4723CA /* CoreLocation.framework */; };
		4B490B2C219BCF1300039015 /* libc++.tbd in Frameworks */ = {isa = PBXBuildFile; fileRef = 4B490B2B219BCF1200039015 /* libc++.tbd */; };
		4B490B2E219BCF2400039015 /* AdSupport.framework in Frameworks */ = {isa = PBXBuildFile; fileRef = 4B490B2D219BCF2400039015 /* AdSupport.framework */; };
		4B490B31219BF17F00039015 /* BaiduLocation.m in Sources */ = {isa = PBXBuildFile; fileRef = 4B490B30219BF17F00039015 /* BaiduLocation.m */; };
		4B490B33219BF62300039015 /* BaiduMapAPI_Map.framework in Frameworks */ = {isa = PBXBuildFile; fileRef = 4B490B32219BF62300039015 /* BaiduMapAPI_Map.framework */; };
		4B490B35219BF69900039015 /* MobileCoreServices.framework in Frameworks */ = {isa = PBXBuildFile; fileRef = 4B490B34219BF69900039015 /* MobileCoreServices.framework */; };
		4B490B37219BF6CA00039015 /* CoreGraphics.framework in Frameworks */ = {isa = PBXBuildFile; fileRef = 4B490B36219BF6CA00039015 /* CoreGraphics.framework */; };
		4B490B39219BF88700039015 /* mapapi.bundle in Resources */ = {isa = PBXBuildFile; fileRef = 4B490B38219BF88700039015 /* mapapi.bundle */; };
		4B490B3B219BF97500039015 /* BaiduMapAPI_Search.framework in Frameworks */ = {isa = PBXBuildFile; fileRef = 4B490B3A219BF97500039015 /* BaiduMapAPI_Search.framework */; };
		4B805D7721997445004095F3 /* CDVViewController+SplashScreen.m in Sources */ = {isa = PBXBuildFile; fileRef = 4B805D7421997445004095F3 /* CDVViewController+SplashScreen.m */; };
		4B805D7821997445004095F3 /* CDVSplashScreen.m in Sources */ = {isa = PBXBuildFile; fileRef = 4B805D7521997445004095F3 /* CDVSplashScreen.m */; };
		56613B0E6416485580AD657A /* Security.framework in Frameworks */ = {isa = PBXBuildFile; fileRef = 7FD63E6E648F4CE5BCE4B357 /* Security.framework */; };
		69600FB846C64489A870078D /* libsqlite3.0.tbd in Frameworks */ = {isa = PBXBuildFile; fileRef = 5C5F18627C7F4A6BB622A31F /* libsqlite3.0.tbd */; };
		6AFF5BF91D6E424B00AB3073 /* CDVLaunchScreen.storyboard in Resources */ = {isa = PBXBuildFile; fileRef = 6AFF5BF81D6E424B00AB3073 /* CDVLaunchScreen.storyboard */; };
		74DF5A56F09D4960BE184DC2 /* SystemConfiguration.framework in Frameworks */ = {isa = PBXBuildFile; fileRef = D7B5227122E944BF946556B7 /* SystemConfiguration.framework */; };
		9BF72BA660184204B7F7EBE9 /* CoreTelephony.framework in Frameworks */ = {isa = PBXBuildFile; fileRef = 1561DC57951B483083FA36BB /* CoreTelephony.framework */; };
		A0F19202238B4F8D8B3C42E3 /* OpenGLES.framework in Frameworks */ = {isa = PBXBuildFile; fileRef = E9483468BD394ABF99F8F739 /* OpenGLES.framework */; };
/* End PBXBuildFile section */

/* Begin PBXContainerItemProxy section */
		301BF534109A57CC0062928A /* PBXContainerItemProxy */ = {
			isa = PBXContainerItemProxy;
			containerPortal = 301BF52D109A57CC0062928A /* CordovaLib/CordovaLib.xcodeproj */;
			proxyType = 2;
			remoteGlobalIDString = D2AAC07E0554694100DB518D;
			remoteInfo = CordovaLib;
		};
		301BF550109A68C00062928A /* PBXContainerItemProxy */ = {
			isa = PBXContainerItemProxy;
			containerPortal = 301BF52D109A57CC0062928A /* CordovaLib/CordovaLib.xcodeproj */;
			proxyType = 1;
			remoteGlobalIDString = D2AAC07D0554694100DB518D;
			remoteInfo = CordovaLib;
		};
		4B805D7021997417004095F3 /* PBXContainerItemProxy */ = {
			isa = PBXContainerItemProxy;
			containerPortal = 301BF52D109A57CC0062928A /* CordovaLib/CordovaLib.xcodeproj */;
			proxyType = 2;
			remoteGlobalIDString = C0C01EB21E3911D50056E6CB;
			remoteInfo = Cordova;
		};
/* End PBXContainerItemProxy section */

/* Begin PBXFileReference section */
		0207DA571B56EA530066E2B4 /* Images.xcassets */ = {isa = PBXFileReference; lastKnownFileType = folder.assetcatalog; name = Images.xcassets; path = demo/Images.xcassets; sourceTree = SOURCE_ROOT; };
		1561DC57951B483083FA36BB /* CoreTelephony.framework */ = {isa = PBXFileReference; explicitFileType = undefined; fileEncoding = 9; includeInIndex = 0; lastKnownFileType = wrapper.framework; name = CoreTelephony.framework; path = System/Library/Frameworks/CoreTelephony.framework; sourceTree = SDKROOT; };
		1D3623240D0F684500981E51 /* AppDelegate.h */ = {isa = PBXFileReference; fileEncoding = 4; lastKnownFileType = sourcecode.c.h; path = AppDelegate.h; sourceTree = "<group>"; };
		1D3623250D0F684500981E51 /* AppDelegate.m */ = {isa = PBXFileReference; fileEncoding = 4; lastKnownFileType = sourcecode.c.objc; path = AppDelegate.m; sourceTree = "<group>"; };
		1D6058910D05DD3D006BFB54 /* demo.app */ = {isa = PBXFileReference; explicitFileType = wrapper.application; includeInIndex = 0; path = demo.app; sourceTree = BUILT_PRODUCTS_DIR; };
		27656C13EBB849B0AE5CE962 /* QuartzCore.framework */ = {isa = PBXFileReference; explicitFileType = undefined; fileEncoding = 9; includeInIndex = 0; lastKnownFileType = wrapper.framework; name = QuartzCore.framework; path = System/Library/Frameworks/QuartzCore.framework; sourceTree = SDKROOT; };
		29B97316FDCFA39411CA2CEA /* main.m */ = {isa = PBXFileReference; fileEncoding = 4; lastKnownFileType = sourcecode.c.objc; path = main.m; sourceTree = "<group>"; };
		301BF52D109A57CC0062928A /* CordovaLib/CordovaLib.xcodeproj */ = {isa = PBXFileReference; lastKnownFileType = "wrapper.pb-project"; path = CordovaLib/CordovaLib.xcodeproj; sourceTree = "<group>"; };
		301BF56E109A69640062928A /* www */ = {isa = PBXFileReference; lastKnownFileType = folder; path = www; sourceTree = SOURCE_ROOT; };
		302D95EE14D2391D003F00A1 /* MainViewController.h */ = {isa = PBXFileReference; fileEncoding = 4; lastKnownFileType = sourcecode.c.h; path = MainViewController.h; sourceTree = "<group>"; };
		302D95EF14D2391D003F00A1 /* MainViewController.m */ = {isa = PBXFileReference; fileEncoding = 4; lastKnownFileType = sourcecode.c.objc; path = MainViewController.m; sourceTree = "<group>"; };
		302D95F014D2391D003F00A1 /* MainViewController.xib */ = {isa = PBXFileReference; fileEncoding = 4; lastKnownFileType = file.xib; path = MainViewController.xib; sourceTree = "<group>"; };
		3047A50F1AB8059700498E2A /* build-debug.xcconfig */ = {isa = PBXFileReference; fileEncoding = 4; lastKnownFileType = text.xcconfig; name = "build-debug.xcconfig"; path = "cordova/build-debug.xcconfig"; sourceTree = SOURCE_ROOT; };
		3047A5101AB8059700498E2A /* build-release.xcconfig */ = {isa = PBXFileReference; fileEncoding = 4; lastKnownFileType = text.xcconfig; name = "build-release.xcconfig"; path = "cordova/build-release.xcconfig"; sourceTree = SOURCE_ROOT; };
		3047A5111AB8059700498E2A /* build.xcconfig */ = {isa = PBXFileReference; fileEncoding = 4; lastKnownFileType = text.xcconfig; name = build.xcconfig; path = cordova/build.xcconfig; sourceTree = SOURCE_ROOT; };
		32CA4F630368D1EE00C91783 /* demo-Prefix.pch */ = {isa = PBXFileReference; fileEncoding = 4; lastKnownFileType = sourcecode.c.h; path = "demo-Prefix.pch"; sourceTree = "<group>"; };
		4B490B17219BB88200039015 /* MBProgressHUD.m */ = {isa = PBXFileReference; fileEncoding = 4; lastKnownFileType = sourcecode.c.objc; path = MBProgressHUD.m; sourceTree = "<group>"; };
		4B490B18219BB88200039015 /* MBProgressHUD.h */ = {isa = PBXFileReference; fileEncoding = 4; lastKnownFileType = sourcecode.c.h; path = MBProgressHUD.h; sourceTree = "<group>"; };
		4B490B1D219BC65800039015 /* KyeeBaiduMap.h */ = {isa = PBXFileReference; lastKnownFileType = sourcecode.c.h; path = KyeeBaiduMap.h; sourceTree = "<group>"; };
		4B490B1E219BC65800039015 /* KyeeBaiduMap.m */ = {isa = PBXFileReference; lastKnownFileType = sourcecode.c.objc; path = KyeeBaiduMap.m; sourceTree = "<group>"; };
		4B490B20219BC88E00039015 /* BaiduMapAPI_Base.framework */ = {isa = PBXFileReference; lastKnownFileType = wrapper.framework; path = BaiduMapAPI_Base.framework; sourceTree = "<group>"; };
		4B490B22219BC89900039015 /* BMKLocationkit.framework */ = {isa = PBXFileReference; lastKnownFileType = wrapper.framework; path = BMKLocationkit.framework; sourceTree = "<group>"; };
		4B490B25219BCDFA00039015 /* libssl.a */ = {isa = PBXFileReference; lastKnownFileType = archive.ar; path = libssl.a; sourceTree = "<group>"; };
		4B490B27219BCDFB00039015 /* libcrypto.a */ = {isa = PBXFileReference; lastKnownFileType = archive.ar; path = libcrypto.a; sourceTree = "<group>"; };
		4B490B2B219BCF1200039015 /* libc++.tbd */ = {isa = PBXFileReference; lastKnownFileType = "sourcecode.text-based-dylib-definition"; name = "libc++.tbd"; path = "usr/lib/libc++.tbd"; sourceTree = SDKROOT; };
		4B490B2D219BCF2400039015 /* AdSupport.framework */ = {isa = PBXFileReference; lastKnownFileType = wrapper.framework; name = AdSupport.framework; path = System/Library/Frameworks/AdSupport.framework; sourceTree = SDKROOT; };
		4B490B2F219BF17F00039015 /* BaiduLocation.h */ = {isa = PBXFileReference; lastKnownFileType = sourcecode.c.h; path = BaiduLocation.h; sourceTree = "<group>"; };
		4B490B30219BF17F00039015 /* BaiduLocation.m */ = {isa = PBXFileReference; lastKnownFileType = sourcecode.c.objc; path = BaiduLocation.m; sourceTree = "<group>"; };
		4B490B32219BF62300039015 /* BaiduMapAPI_Map.framework */ = {isa = PBXFileReference; lastKnownFileType = wrapper.framework; path = BaiduMapAPI_Map.framework; sourceTree = "<group>"; };
		4B490B34219BF69900039015 /* MobileCoreServices.framework */ = {isa = PBXFileReference; lastKnownFileType = wrapper.framework; name = MobileCoreServices.framework; path = System/Library/Frameworks/MobileCoreServices.framework; sourceTree = SDKROOT; };
		4B490B36219BF6CA00039015 /* CoreGraphics.framework */ = {isa = PBXFileReference; lastKnownFileType = wrapper.framework; name = CoreGraphics.framework; path = System/Library/Frameworks/CoreGraphics.framework; sourceTree = SDKROOT; };
		4B490B38219BF88700039015 /* mapapi.bundle */ = {isa = PBXFileReference; lastKnownFileType = "wrapper.plug-in"; name = mapapi.bundle; path = BaiduMapAPI_Map.framework/mapapi.bundle; sourceTree = "<group>"; };
		4B490B3A219BF97500039015 /* BaiduMapAPI_Search.framework */ = {isa = PBXFileReference; lastKnownFileType = wrapper.framework; path = BaiduMapAPI_Search.framework; sourceTree = "<group>"; };
		4B805D7321997445004095F3 /* CDVSplashScreen.h */ = {isa = PBXFileReference; fileEncoding = 4; lastKnownFileType = sourcecode.c.h; path = CDVSplashScreen.h; sourceTree = "<group>"; };
		4B805D7421997445004095F3 /* CDVViewController+SplashScreen.m */ = {isa = PBXFileReference; fileEncoding = 4; lastKnownFileType = sourcecode.c.objc; path = "CDVViewController+SplashScreen.m"; sourceTree = "<group>"; };
		4B805D7521997445004095F3 /* CDVSplashScreen.m */ = {isa = PBXFileReference; fileEncoding = 4; lastKnownFileType = sourcecode.c.objc; path = CDVSplashScreen.m; sourceTree = "<group>"; };
		4B805D7621997445004095F3 /* CDVViewController+SplashScreen.h */ = {isa = PBXFileReference; fileEncoding = 4; lastKnownFileType = sourcecode.c.h; path = "CDVViewController+SplashScreen.h"; sourceTree = "<group>"; };
		4D93DE6AAAB042A6B862C5A7 /* libstdc++.6.0.9.tbd */ = {isa = PBXFileReference; explicitFileType = undefined; fileEncoding = 9; includeInIndex = 0; lastKnownFileType = "sourcecode.text-based-dylib-definition"; name = "libstdc++.6.0.9.tbd"; path = "usr/lib/libstdc++.6.0.9.tbd"; sourceTree = SDKROOT; };
		5C5F18627C7F4A6BB622A31F /* libsqlite3.0.tbd */ = {isa = PBXFileReference; explicitFileType = undefined; fileEncoding = 9; includeInIndex = 0; lastKnownFileType = "sourcecode.text-based-dylib-definition"; name = libsqlite3.0.tbd; path = usr/lib/libsqlite3.0.tbd; sourceTree = SDKROOT; };
		633FAC5CC7724B118C4723CA /* CoreLocation.framework */ = {isa = PBXFileReference; explicitFileType = undefined; fileEncoding = 9; includeInIndex = 0; lastKnownFileType = wrapper.framework; name = CoreLocation.framework; path = System/Library/Frameworks/CoreLocation.framework; sourceTree = SDKROOT; };
		6AFF5BF81D6E424B00AB3073 /* CDVLaunchScreen.storyboard */ = {isa = PBXFileReference; fileEncoding = 4; lastKnownFileType = file.storyboard; name = CDVLaunchScreen.storyboard; path = demo/CDVLaunchScreen.storyboard; sourceTree = SOURCE_ROOT; };
		7FD63E6E648F4CE5BCE4B357 /* Security.framework */ = {isa = PBXFileReference; explicitFileType = undefined; fileEncoding = 9; includeInIndex = 0; lastKnownFileType = wrapper.framework; name = Security.framework; path = System/Library/Frameworks/Security.framework; sourceTree = SDKROOT; };
		8D1107310486CEB800E47090 /* demo-Info.plist */ = {isa = PBXFileReference; fileEncoding = 4; lastKnownFileType = text.plist.xml; name = "demo-Info.plist"; path = "demo/demo-Info.plist"; plistStructureDefinitionIdentifier = "com.apple.xcode.plist.structure-definition.iphone.info-plist"; sourceTree = SOURCE_ROOT; };
		D7B5227122E944BF946556B7 /* SystemConfiguration.framework */ = {isa = PBXFileReference; explicitFileType = undefined; fileEncoding = 9; includeInIndex = 0; lastKnownFileType = wrapper.framework; name = SystemConfiguration.framework; path = System/Library/Frameworks/SystemConfiguration.framework; sourceTree = SDKROOT; };
		E9483468BD394ABF99F8F739 /* OpenGLES.framework */ = {isa = PBXFileReference; explicitFileType = undefined; fileEncoding = 9; includeInIndex = 0; lastKnownFileType = wrapper.framework; name = OpenGLES.framework; path = System/Library/Frameworks/OpenGLES.framework; sourceTree = SDKROOT; };
		ED33DF2A687741AEAF9F8254 /* Bridging-Header.h */ = {isa = PBXFileReference; fileEncoding = 4; lastKnownFileType = sourcecode.c.h; path = "Bridging-Header.h"; sourceTree = "<group>"; };
		F840E1F0165FE0F500CFE078 /* config.xml */ = {isa = PBXFileReference; lastKnownFileType = text.xml; name = config.xml; path = demo/config.xml; sourceTree = "<group>"; };
/* End PBXFileReference section */

/* Begin PBXFrameworksBuildPhase section */
		1D60588F0D05DD3D006BFB54 /* Frameworks */ = {
			isa = PBXFrameworksBuildPhase;
			buildActionMask = 2147483647;
			files = (
				4B490B37219BF6CA00039015 /* CoreGraphics.framework in Frameworks */,
				4B490B35219BF69900039015 /* MobileCoreServices.framework in Frameworks */,
				4B490B2E219BCF2400039015 /* AdSupport.framework in Frameworks */,
				4B490B2C219BCF1300039015 /* libc++.tbd in Frameworks */,
				9BF72BA660184204B7F7EBE9 /* CoreTelephony.framework in Frameworks */,
				4B490B2A219BCED200039015 /* CoreLocation.framework in Frameworks */,
				301BF552109A68D80062928A /* libCordova.a in Frameworks */,
				4B490B23219BC89900039015 /* BMKLocationkit.framework in Frameworks */,
				4352036C41E44497813642ED /* QuartzCore.framework in Frameworks */,
				4B490B3B219BF97500039015 /* BaiduMapAPI_Search.framework in Frameworks */,
				A0F19202238B4F8D8B3C42E3 /* OpenGLES.framework in Frameworks */,
				74DF5A56F09D4960BE184DC2 /* SystemConfiguration.framework in Frameworks */,
				4B490B21219BC88E00039015 /* BaiduMapAPI_Base.framework in Frameworks */,
				56613B0E6416485580AD657A /* Security.framework in Frameworks */,
				4B490B28219BCDFC00039015 /* libssl.a in Frameworks */,
				69600FB846C64489A870078D /* libsqlite3.0.tbd in Frameworks */,
				4B490B29219BCDFC00039015 /* libcrypto.a in Frameworks */,
				458F374D712E40198DB70701 /* libstdc++.6.0.9.tbd in Frameworks */,
				4B490B33219BF62300039015 /* BaiduMapAPI_Map.framework in Frameworks */,
			);
			runOnlyForDeploymentPostprocessing = 0;
		};
/* End PBXFrameworksBuildPhase section */

/* Begin PBXGroup section */
		080E96DDFE201D6D7F000001 /* Classes */ = {
			isa = PBXGroup;
			children = (
				302D95EE14D2391D003F00A1 /* MainViewController.h */,
				302D95EF14D2391D003F00A1 /* MainViewController.m */,
				302D95F014D2391D003F00A1 /* MainViewController.xib */,
				1D3623240D0F684500981E51 /* AppDelegate.h */,
				1D3623250D0F684500981E51 /* AppDelegate.m */,
			);
			name = Classes;
			path = demo/Classes;
			sourceTree = SOURCE_ROOT;
		};
		19C28FACFE9D520D11CA2CBB /* Products */ = {
			isa = PBXGroup;
			children = (
				1D6058910D05DD3D006BFB54 /* demo.app */,
			);
			name = Products;
			sourceTree = "<group>";
		};
		29B97314FDCFA39411CA2CEA /* CustomTemplate */ = {
			isa = PBXGroup;
			children = (
				4B490B38219BF88700039015 /* mapapi.bundle */,
				4B490B16219BB86200039015 /* tools */,
				EB87FDF11871DA420020F90C /* Staging */,
				301BF52D109A57CC0062928A /* CordovaLib/CordovaLib.xcodeproj */,
				080E96DDFE201D6D7F000001 /* Classes */,
				307C750510C5A3420062BCA9 /* Plugins */,
				29B97315FDCFA39411CA2CEA /* Other Sources */,
				29B97317FDCFA39411CA2CEA /* Resources */,
				29B97323FDCFA39411CA2CEA /* Frameworks */,
				19C28FACFE9D520D11CA2CBB /* Products */,
			);
			name = CustomTemplate;
			sourceTree = "<group>";
		};
		29B97315FDCFA39411CA2CEA /* Other Sources */ = {
			isa = PBXGroup;
			children = (
				32CA4F630368D1EE00C91783 /* demo-Prefix.pch */,
				29B97316FDCFA39411CA2CEA /* main.m */,
				ED33DF2A687741AEAF9F8254 /* Bridging-Header.h */,
			);
			name = "Other Sources";
			path = demo;
			sourceTree = "<group>";
		};
		29B97317FDCFA39411CA2CEA /* Resources */ = {
			isa = PBXGroup;
			children = (
				0207DA571B56EA530066E2B4 /* Images.xcassets */,
				3047A50E1AB8057F00498E2A /* config */,
				8D1107310486CEB800E47090 /* demo-Info.plist */,
				6AFF5BF81D6E424B00AB3073 /* CDVLaunchScreen.storyboard */,
			);
			name = Resources;
			path = demo/Resources;
			sourceTree = "<group>";
		};
		29B97323FDCFA39411CA2CEA /* Frameworks */ = {
			isa = PBXGroup;
			children = (
				4B490B3A219BF97500039015 /* BaiduMapAPI_Search.framework */,
				4B490B36219BF6CA00039015 /* CoreGraphics.framework */,
				4B490B34219BF69900039015 /* MobileCoreServices.framework */,
				4B490B32219BF62300039015 /* BaiduMapAPI_Map.framework */,
				4B490B2D219BCF2400039015 /* AdSupport.framework */,
				4B490B2B219BCF1200039015 /* libc++.tbd */,
				4B490B27219BCDFB00039015 /* libcrypto.a */,
				4B490B25219BCDFA00039015 /* libssl.a */,
				4B490B22219BC89900039015 /* BMKLocationkit.framework */,
				4B490B20219BC88E00039015 /* BaiduMapAPI_Base.framework */,
				633FAC5CC7724B118C4723CA /* CoreLocation.framework */,
				27656C13EBB849B0AE5CE962 /* QuartzCore.framework */,
				E9483468BD394ABF99F8F739 /* OpenGLES.framework */,
				D7B5227122E944BF946556B7 /* SystemConfiguration.framework */,
				7FD63E6E648F4CE5BCE4B357 /* Security.framework */,
				5C5F18627C7F4A6BB622A31F /* libsqlite3.0.tbd */,
				1561DC57951B483083FA36BB /* CoreTelephony.framework */,
				4D93DE6AAAB042A6B862C5A7 /* libstdc++.6.0.9.tbd */,
			);
			name = Frameworks;
			sourceTree = "<group>";
		};
		301BF52E109A57CC0062928A /* Products */ = {
			isa = PBXGroup;
			children = (
				301BF535109A57CC0062928A /* libCordova.a */,
				4B805D7121997417004095F3 /* Cordova.framework */,
			);
			name = Products;
			sourceTree = "<group>";
		};
		3047A50E1AB8057F00498E2A /* config */ = {
			isa = PBXGroup;
			children = (
				3047A50F1AB8059700498E2A /* build-debug.xcconfig */,
				3047A5101AB8059700498E2A /* build-release.xcconfig */,
				3047A5111AB8059700498E2A /* build.xcconfig */,
			);
			name = config;
			sourceTree = "<group>";
		};
		307C750510C5A3420062BCA9 /* Plugins */ = {
			isa = PBXGroup;
			children = (
				4B490AEE219BB78D00039015 /* com.kyee.kymhv2.baidumap */,
				4B805D7221997445004095F3 /* cordova-plugin-splashscreen */,
			);
			name = Plugins;
			path = demo/Plugins;
			sourceTree = SOURCE_ROOT;
		};
		4B490AEE219BB78D00039015 /* com.kyee.kymhv2.baidumap */ = {
			isa = PBXGroup;
			children = (
				4B490B1D219BC65800039015 /* KyeeBaiduMap.h */,
				4B490B1E219BC65800039015 /* KyeeBaiduMap.m */,
				4B490B2F219BF17F00039015 /* BaiduLocation.h */,
				4B490B30219BF17F00039015 /* BaiduLocation.m */,
			);
			path = com.kyee.kymhv2.baidumap;
			sourceTree = "<group>";
		};
		4B490B16219BB86200039015 /* tools */ = {
			isa = PBXGroup;
			children = (
				4B490B18219BB88200039015 /* MBProgressHUD.h */,
				4B490B17219BB88200039015 /* MBProgressHUD.m */,
			);
			name = tools;
			path = demo/tools;
			sourceTree = "<group>";
		};
		4B805D7221997445004095F3 /* cordova-plugin-splashscreen */ = {
			isa = PBXGroup;
			children = (
				4B805D7321997445004095F3 /* CDVSplashScreen.h */,
				4B805D7421997445004095F3 /* CDVViewController+SplashScreen.m */,
				4B805D7521997445004095F3 /* CDVSplashScreen.m */,
				4B805D7621997445004095F3 /* CDVViewController+SplashScreen.h */,
			);
			path = "cordova-plugin-splashscreen";
			sourceTree = "<group>";
		};
		EB87FDF11871DA420020F90C /* Staging */ = {
			isa = PBXGroup;
			children = (
				F840E1F0165FE0F500CFE078 /* config.xml */,
				301BF56E109A69640062928A /* www */,
			);
			name = Staging;
			sourceTree = "<group>";
		};
/* End PBXGroup section */

/* Begin PBXNativeTarget section */
		1D6058900D05DD3D006BFB54 /* demo */ = {
			isa = PBXNativeTarget;
			buildConfigurationList = 1D6058960D05DD3E006BFB54 /* Build configuration list for PBXNativeTarget "demo" */;
			buildPhases = (
				304B58A110DAC018002A0835 /* Copy www directory */,
				1D60588D0D05DD3D006BFB54 /* Resources */,
				1D60588E0D05DD3D006BFB54 /* Sources */,
				1D60588F0D05DD3D006BFB54 /* Frameworks */,
			);
			buildRules = (
			);
			dependencies = (
				301BF551109A68C00062928A /* PBXTargetDependency */,
			);
			name = demo;
			productName = demo;
			productReference = 1D6058910D05DD3D006BFB54 /* demo.app */;
			productType = "com.apple.product-type.application";
		};
/* End PBXNativeTarget section */

/* Begin PBXProject section */
		29B97313FDCFA39411CA2CEA /* Project object */ = {
			isa = PBXProject;
			attributes = {
				LastUpgradeCheck = 510;
				TargetAttributes = {
					1D6058900D05DD3D006BFB54 = {
						DevelopmentTeam = BK5B467DN4;
					};
				};
			};
			buildConfigurationList = C01FCF4E08A954540054247B /* Build configuration list for PBXProject "demo" */;
			compatibilityVersion = "Xcode 3.2";
			developmentRegion = English;
			hasScannedForEncodings = 1;
			knownRegions = (
				en,
			);
			mainGroup = 29B97314FDCFA39411CA2CEA /* CustomTemplate */;
			projectDirPath = "";
			projectReferences = (
				{
					ProductGroup = 301BF52E109A57CC0062928A /* Products */;
					ProjectRef = 301BF52D109A57CC0062928A /* CordovaLib/CordovaLib.xcodeproj */;
				},
			);
			projectRoot = "";
			targets = (
				1D6058900D05DD3D006BFB54 /* demo */,
			);
		};
/* End PBXProject section */

/* Begin PBXReferenceProxy section */
		301BF535109A57CC0062928A /* libCordova.a */ = {
			isa = PBXReferenceProxy;
			fileType = archive.ar;
			path = libCordova.a;
			remoteRef = 301BF534109A57CC0062928A /* PBXContainerItemProxy */;
			sourceTree = BUILT_PRODUCTS_DIR;
		};
		4B805D7121997417004095F3 /* Cordova.framework */ = {
			isa = PBXReferenceProxy;
			fileType = wrapper.framework;
			path = Cordova.framework;
			remoteRef = 4B805D7021997417004095F3 /* PBXContainerItemProxy */;
			sourceTree = BUILT_PRODUCTS_DIR;
		};
/* End PBXReferenceProxy section */

/* Begin PBXResourcesBuildPhase section */
		1D60588D0D05DD3D006BFB54 /* Resources */ = {
			isa = PBXResourcesBuildPhase;
			buildActionMask = 2147483647;
			files = (
				302D95F214D2391D003F00A1 /* MainViewController.xib in Resources */,
				4B490B39219BF88700039015 /* mapapi.bundle in Resources */,
				0207DA581B56EA530066E2B4 /* Images.xcassets in Resources */,
				6AFF5BF91D6E424B00AB3073 /* CDVLaunchScreen.storyboard in Resources */,
			);
			runOnlyForDeploymentPostprocessing = 0;
		};
/* End PBXResourcesBuildPhase section */

/* Begin PBXShellScriptBuildPhase section */
		304B58A110DAC018002A0835 /* Copy www directory */ = {
			isa = PBXShellScriptBuildPhase;
			buildActionMask = 2147483647;
			files = (
			);
			inputPaths = (
			);
			name = "Copy www directory";
			outputPaths = (
			);
			runOnlyForDeploymentPostprocessing = 0;
			shellPath = /bin/sh;
			shellScript = "NODEJS_PATH=/usr/local/bin; NVM_NODE_PATH=~/.nvm/versions/node/`nvm version 2>/dev/null`/bin; N_NODE_PATH=`find /usr/local/n/versions/node/* -maxdepth 0 -type d 2>/dev/null | tail -1`/bin; XCODE_NODE_PATH=`xcode-select --print-path`/usr/share/xcs/Node/bin; PATH=$NODEJS_PATH:$NVM_NODE_PATH:$N_NODE_PATH:$XCODE_NODE_PATH:$PATH && node cordova/lib/copy-www-build-step.js";
			showEnvVarsInLog = 0;
		};
/* End PBXShellScriptBuildPhase section */

/* Begin PBXSourcesBuildPhase section */
		1D60588E0D05DD3D006BFB54 /* Sources */ = {
			isa = PBXSourcesBuildPhase;
			buildActionMask = 2147483647;
			files = (
				4B490B31219BF17F00039015 /* BaiduLocation.m in Sources */,
				1D60589B0D05DD56006BFB54 /* main.m in Sources */,
				1D3623260D0F684500981E51 /* AppDelegate.m in Sources */,
				4B490B19219BB88200039015 /* MBProgressHUD.m in Sources */,
				4B490B1F219BC65800039015 /* KyeeBaiduMap.m in Sources */,
				4B805D7721997445004095F3 /* CDVViewController+SplashScreen.m in Sources */,
				302D95F114D2391D003F00A1 /* MainViewController.m in Sources */,
				4B805D7821997445004095F3 /* CDVSplashScreen.m in Sources */,
			);
			runOnlyForDeploymentPostprocessing = 0;
		};
/* End PBXSourcesBuildPhase section */

/* Begin PBXTargetDependency section */
		301BF551109A68C00062928A /* PBXTargetDependency */ = {
			isa = PBXTargetDependency;
			name = CordovaLib;
			targetProxy = 301BF550109A68C00062928A /* PBXContainerItemProxy */;
		};
/* End PBXTargetDependency section */

/* Begin XCBuildConfiguration section */
		1D6058940D05DD3E006BFB54 /* Debug */ = {
			isa = XCBuildConfiguration;
			baseConfigurationReference = 3047A50F1AB8059700498E2A /* build-debug.xcconfig */;
			buildSettings = {
				ALWAYS_SEARCH_USER_PATHS = NO;
				ASSETCATALOG_COMPILER_APPICON_NAME = AppIcon;
				ASSETCATALOG_COMPILER_LAUNCHIMAGE_NAME = LaunchImage;
				CLANG_ENABLE_MODULES = YES;
				CLANG_ENABLE_OBJC_ARC = YES;
				COPY_PHASE_STRIP = NO;
				DEVELOPMENT_TEAM = BK5B467DN4;
				FRAMEWORK_SEARCH_PATHS = (
					"$(inherited)",
					demo/Plugins/com.kyee.kymhv2.baidumap,
					demo/Plugins/com.kyee.kymhv2.baidumap,
					demo/Plugins/com.kyee.kymhv2.baidumap,
					demo/Plugins/com.kyee.kymhv2.baidumap,
					demo/Plugins/com.kyee.kymhv2.baidumap,
					demo/Plugins/com.kyee.kymhv2.baidumap,
					demo/Plugins/com.kyee.kymhv2.baidumap,
					demo/Plugins/com.kyee.kymhv2.baidumap,
					demo/Plugins/com.kyee.kymhv2.baidumap,
					"$(PROJECT_DIR)/demo/Plugins/com.kyee.kymhv2.baidumap",
					"$(PROJECT_DIR)",
				);
				GCC_DYNAMIC_NO_PIC = NO;
				GCC_INPUT_FILETYPE = automatic;
				GCC_OPTIMIZATION_LEVEL = 0;
				GCC_PRECOMPILE_PREFIX_HEADER = YES;
				GCC_PREFIX_HEADER = "demo/demo-Prefix.pch";
				GCC_THUMB_SUPPORT = NO;
				GCC_VERSION = "";
				INFOPLIST_FILE = "demo/demo-Info.plist";
				IPHONEOS_DEPLOYMENT_TARGET = 9.0;
				LD_RUNPATH_SEARCH_PATHS = "@executable_path/Frameworks";
				LIBRARY_SEARCH_PATHS = (
					"$(inherited)",
					"$(PROJECT_DIR)/demo/Plugins/com.kyee.kymhv2.baidumap",
					"$(PROJECT_DIR)",
				);
				PRODUCT_BUNDLE_IDENTIFIER = com.yuchen.demoaaaa;
				PRODUCT_NAME = demo;
				TARGETED_DEVICE_FAMILY = "1,2";
			};
			name = Debug;
		};
		1D6058950D05DD3E006BFB54 /* Release */ = {
			isa = XCBuildConfiguration;
			baseConfigurationReference = 3047A5101AB8059700498E2A /* build-release.xcconfig */;
			buildSettings = {
				ALWAYS_SEARCH_USER_PATHS = NO;
				ASSETCATALOG_COMPILER_APPICON_NAME = AppIcon;
				ASSETCATALOG_COMPILER_LAUNCHIMAGE_NAME = LaunchImage;
				CLANG_ENABLE_MODULES = YES;
				CLANG_ENABLE_OBJC_ARC = YES;
				COPY_PHASE_STRIP = YES;
				DEVELOPMENT_TEAM = BK5B467DN4;
				FRAMEWORK_SEARCH_PATHS = (
					"$(inherited)",
					demo/Plugins/com.kyee.kymhv2.baidumap,
					demo/Plugins/com.kyee.kymhv2.baidumap,
					demo/Plugins/com.kyee.kymhv2.baidumap,
					demo/Plugins/com.kyee.kymhv2.baidumap,
					demo/Plugins/com.kyee.kymhv2.baidumap,
					demo/Plugins/com.kyee.kymhv2.baidumap,
					demo/Plugins/com.kyee.kymhv2.baidumap,
					demo/Plugins/com.kyee.kymhv2.baidumap,
					demo/Plugins/com.kyee.kymhv2.baidumap,
					"$(PROJECT_DIR)/demo/Plugins/com.kyee.kymhv2.baidumap",
					"$(PROJECT_DIR)",
				);
				GCC_INPUT_FILETYPE = automatic;
				GCC_PRECOMPILE_PREFIX_HEADER = YES;
				GCC_PREFIX_HEADER = "demo/demo-Prefix.pch";
				GCC_THUMB_SUPPORT = NO;
				GCC_VERSION = "";
				INFOPLIST_FILE = "demo/demo-Info.plist";
				IPHONEOS_DEPLOYMENT_TARGET = 9.0;
				LD_RUNPATH_SEARCH_PATHS = "@executable_path/Frameworks";
				LIBRARY_SEARCH_PATHS = (
					"$(inherited)",
					"$(PROJECT_DIR)/demo/Plugins/com.kyee.kymhv2.baidumap",
					"$(PROJECT_DIR)",
				);
				PRODUCT_BUNDLE_IDENTIFIER = com.yuchen.demoaaaa;
				PRODUCT_NAME = demo;
				TARGETED_DEVICE_FAMILY = "1,2";
			};
			name = Release;
		};
		C01FCF4F08A954540054247B /* Debug */ = {
			isa = XCBuildConfiguration;
			baseConfigurationReference = 3047A5111AB8059700498E2A /* build.xcconfig */;
			buildSettings = {
				CLANG_ENABLE_MODULES = YES;
				CLANG_ENABLE_OBJC_ARC = YES;
				CLANG_WARN_BOOL_CONVERSION = YES;
				CLANG_WARN_CONSTANT_CONVERSION = YES;
				CLANG_WARN_EMPTY_BODY = YES;
				CLANG_WARN_ENUM_CONVERSION = YES;
				CLANG_WARN_INT_CONVERSION = YES;
				CLANG_WARN__DUPLICATE_METHOD_MATCH = YES;
				GCC_C_LANGUAGE_STANDARD = c99;
				GCC_THUMB_SUPPORT = NO;
				GCC_VERSION = "";
				GCC_WARN_ABOUT_RETURN_TYPE = YES;
				GCC_WARN_UNDECLARED_SELECTOR = YES;
				GCC_WARN_UNINITIALIZED_AUTOS = YES;
				GCC_WARN_UNUSED_FUNCTION = YES;
				GCC_WARN_UNUSED_VARIABLE = YES;
				ONLY_ACTIVE_ARCH = YES;
				SDKROOT = iphoneos;
				SKIP_INSTALL = NO;
			};
			name = Debug;
		};
		C01FCF5008A954540054247B /* Release */ = {
			isa = XCBuildConfiguration;
			baseConfigurationReference = 3047A5111AB8059700498E2A /* build.xcconfig */;
			buildSettings = {
				CLANG_ENABLE_MODULES = YES;
				CLANG_ENABLE_OBJC_ARC = YES;
				CLANG_WARN_BOOL_CONVERSION = YES;
				CLANG_WARN_CONSTANT_CONVERSION = YES;
				CLANG_WARN_EMPTY_BODY = YES;
				CLANG_WARN_ENUM_CONVERSION = YES;
				CLANG_WARN_INT_CONVERSION = YES;
				CLANG_WARN__DUPLICATE_METHOD_MATCH = YES;
				GCC_C_LANGUAGE_STANDARD = c99;
				GCC_THUMB_SUPPORT = NO;
				GCC_VERSION = "";
				GCC_WARN_ABOUT_RETURN_TYPE = YES;
				GCC_WARN_UNDECLARED_SELECTOR = YES;
				GCC_WARN_UNINITIALIZED_AUTOS = YES;
				GCC_WARN_UNUSED_FUNCTION = YES;
				GCC_WARN_UNUSED_VARIABLE = YES;
				SDKROOT = iphoneos;
				SKIP_INSTALL = NO;
			};
			name = Release;
		};
/* End XCBuildConfiguration section */

/* Begin XCConfigurationList section */
		1D6058960D05DD3E006BFB54 /* Build configuration list for PBXNativeTarget "demo" */ = {
			isa = XCConfigurationList;
			buildConfigurations = (
				1D6058940D05DD3E006BFB54 /* Debug */,
				1D6058950D05DD3E006BFB54 /* Release */,
			);
			defaultConfigurationIsVisible = 0;
			defaultConfigurationName = Release;
		};
		C01FCF4E08A954540054247B /* Build configuration list for PBXProject "demo" */ = {
			isa = XCConfigurationList;
			buildConfigurations = (
				C01FCF4F08A954540054247B /* Debug */,
				C01FCF5008A954540054247B /* Release */,
			);
			defaultConfigurationIsVisible = 0;
			defaultConfigurationName = Release;
		};
/* End XCConfigurationList section */
	};
	rootObject = 29B97313FDCFA39411CA2CEA /* Project object */;
}
